
Microsoft Visual Studio Solution File, Format Version 12.00
# Visual Studio 15
VisualStudioVersion = 15.0.28010.2046
MinimumVisualStudioVersion = 10.0.40219.1
Project("{FAE04EC0-301F-11D3-BF4B-00C04F79EFBC}") = "HomeWork2", "HomeWork2\HomeWork2.csproj", "{489EADD4-C8E7-44B4-8470-7C9747328F03}"
EndProject
Global
	GlobalSection(SolutionConfigurationPlatforms) = preSolution
		Debug|Any CPU = Debug|Any CPU
		Release|Any CPU = Release|Any CPU
	EndGlobalSection
	GlobalSection(ProjectConfigurationPlatforms) = postSolution
		{489EADD4-C8E7-44B4-8470-7C9747328F03}.Debug|Any CPU.ActiveCfg = Debug|Any CPU
		{489EADD4-C8E7-44B4-8470-7C9747328F03}.Debug|Any CPU.Build.0 = Debug|Any CPU
		{489EADD4-C8E7-44B4-8470-7C9747328F03}.Release|Any CPU.ActiveCfg = Release|Any CPU
		{489EADD4-C8E7-44B4-8470-7C9747328F03}.Release|Any CPU.Build.0 = Release|Any CPU
	EndGlobalSection
	GlobalSection(SolutionProperties) = preSolution
		HideSolutionNode = FALSE
	EndGlobalSection
	GlobalSection(ExtensibilityGlobals) = postSolution
		SolutionGuid = {E3A6EF60-A438-47C3-93BF-6BFCBA11EF14}
	EndGlobalSection
EndGlobal
